// !$*UTF8*$!
{
	archiveVersion = 1;
	classes = {
	};
	objectVersion = 46;
	objects = {

/* Begin PBXBuildFile section */
		1D78F37B1A186C2F0026AFF1 /* main.m in Sources */ = {isa = PBXBuildFile; fileRef = 1D78F37A1A186C2F0026AFF1 /* main.m */; };
		1D78F37E1A186C2F0026AFF1 /* AppDelegate.m in Sources */ = {isa = PBXBuildFile; fileRef = 1D78F37D1A186C2F0026AFF1 /* AppDelegate.m */; };
		1D78F3871A186C2F0026AFF1 /* Main.storyboard in Resources */ = {isa = PBXBuildFile; fileRef = 1D78F3851A186C2F0026AFF1 /* Main.storyboard */; };
		1D78F3891A186C2F0026AFF1 /* Images.xcassets in Resources */ = {isa = PBXBuildFile; fileRef = 1D78F3881A186C2F0026AFF1 /* Images.xcassets */; };
		1D78F38C1A186C2F0026AFF1 /* LaunchScreen.xib in Resources */ = {isa = PBXBuildFile; fileRef = 1D78F38A1A186C2F0026AFF1 /* LaunchScreen.xib */; };
		1D78F3981A186C2F0026AFF1 /* SleepTrackerTests.m in Sources */ = {isa = PBXBuildFile; fileRef = 1D78F3971A186C2F0026AFF1 /* SleepTrackerTests.m */; };
		1D78F3A41A186CF50026AFF1 /* HistoryViewController.m in Sources */ = {isa = PBXBuildFile; fileRef = 1D78F3A31A186CF50026AFF1 /* HistoryViewController.m */; };
/* End PBXBuildFile section */

/* Begin PBXContainerItemProxy section */
		1D78F3921A186C2F0026AFF1 /* PBXContainerItemProxy */ = {
			isa = PBXContainerItemProxy;
			containerPortal = 1D78F36D1A186C2E0026AFF1 /* Project object */;
			proxyType = 1;
			remoteGlobalIDString = 1D78F3741A186C2F0026AFF1;
			remoteInfo = SleepTracker;
		};
/* End PBXContainerItemProxy section */

/* Begin PBXFileReference section */
		1D78F3751A186C2F0026AFF1 /* SleepTracker.app */ = {isa = PBXFileReference; explicitFileType = wrapper.application; includeInIndex = 0; path = SleepTracker.app; sourceTree = BUILT_PRODUCTS_DIR; };
		1D78F3791A186C2F0026AFF1 /* Info.plist */ = {isa = PBXFileReference; lastKnownFileType = text.plist.xml; path = Info.plist; sourceTree = "<group>"; };
		1D78F37A1A186C2F0026AFF1 /* main.m */ = {isa = PBXFileReference; lastKnownFileType = sourcecode.c.objc; path = main.m; sourceTree = "<group>"; };
		1D78F37C1A186C2F0026AFF1 /* AppDelegate.h */ = {isa = PBXFileReference; lastKnownFileType = sourcecode.c.h; path = AppDelegate.h; sourceTree = "<group>"; };
		1D78F37D1A186C2F0026AFF1 /* AppDelegate.m */ = {isa = PBXFileReference; lastKnownFileType = sourcecode.c.objc; path = AppDelegate.m; sourceTree = "<group>"; };
		1D78F3861A186C2F0026AFF1 /* Base */ = {isa = PBXFileReference; lastKnownFileType = file.storyboard; name = Base; path = Base.lproj/Main.storyboard; sourceTree = "<group>"; };
		1D78F3881A186C2F0026AFF1 /* Images.xcassets */ = {isa = PBXFileReference; lastKnownFileType = folder.assetcatalog; path = Images.xcassets; sourceTree = "<group>"; };
		1D78F38B1A186C2F0026AFF1 /* Base */ = {isa = PBXFileReference; lastKnownFileType = file.xib; name = Base; path = Base.lproj/LaunchScreen.xib; sourceTree = "<group>"; };
		1D78F3911A186C2F0026AFF1 /* SleepTrackerTests.xctest */ = {isa = PBXFileReference; explicitFileType = wrapper.cfbundle; includeInIndex = 0; path = SleepTrackerTests.xctest; sourceTree = BUILT_PRODUCTS_DIR; };
		1D78F3961A186C2F0026AFF1 /* Info.plist */ = {isa = PBXFileReference; lastKnownFileType = text.plist.xml; path = Info.plist; sourceTree = "<group>"; };
		1D78F3971A186C2F0026AFF1 /* SleepTrackerTests.m */ = {isa = PBXFileReference; lastKnownFileType = sourcecode.c.objc; path = SleepTrackerTests.m; sourceTree = "<group>"; };
		1D78F3A21A186CF50026AFF1 /* HistoryViewController.h */ = {isa = PBXFileReference; fileEncoding = 4; lastKnownFileType = sourcecode.c.h; path = HistoryViewController.h; sourceTree = "<group>"; };
		1D78F3A31A186CF50026AFF1 /* HistoryViewController.m */ = {isa = PBXFileReference; fileEncoding = 4; lastKnownFileType = sourcecode.c.objc; path = HistoryViewController.m; sourceTree = "<group>"; };
/* End PBXFileReference section */

/* Begin PBXFrameworksBuildPhase section */
		1D78F3721A186C2F0026AFF1 /* Frameworks */ = {
			isa = PBXFrameworksBuildPhase;
			buildActionMask = 2147483647;
			files = (
			);
			runOnlyForDeploymentPostprocessing = 0;
		};
		1D78F38E1A186C2F0026AFF1 /* Frameworks */ = {
			isa = PBXFrameworksBuildPhase;
			buildActionMask = 2147483647;
			files = (
			);
			runOnlyForDeploymentPostprocessing = 0;
		};
/* End PBXFrameworksBuildPhase section */

/* Begin PBXGroup section */
		1D78F36C1A186C2E0026AFF1 = {
			isa = PBXGroup;
			children = (
				1D78F3771A186C2F0026AFF1 /* SleepTracker */,
				1D78F3941A186C2F0026AFF1 /* SleepTrackerTests */,
				1D78F3761A186C2F0026AFF1 /* Products */,
			);
			sourceTree = "<group>";
		};
		1D78F3761A186C2F0026AFF1 /* Products */ = {
			isa = PBXGroup;
			children = (
				1D78F3751A186C2F0026AFF1 /* SleepTracker.app */,
				1D78F3911A186C2F0026AFF1 /* SleepTrackerTests.xctest */,
			);
			name = Products;
			sourceTree = "<group>";
		};
		1D78F3771A186C2F0026AFF1 /* SleepTracker */ = {
			isa = PBXGroup;
			children = (
				1D78F37C1A186C2F0026AFF1 /* AppDelegate.h */,
				1D78F37D1A186C2F0026AFF1 /* AppDelegate.m */,
				1D78F3A21A186CF50026AFF1 /* HistoryViewController.h */,
				1D78F3A31A186CF50026AFF1 /* HistoryViewController.m */,
				1D78F3851A186C2F0026AFF1 /* Main.storyboard */,
				1D78F3A11A186C4B0026AFF1 /* Images */,
				1D78F3781A186C2F0026AFF1 /* Supporting Files */,
			);
			path = SleepTracker;
			sourceTree = "<group>";
		};
		1D78F3781A186C2F0026AFF1 /* Supporting Files */ = {
			isa = PBXGroup;
			children = (
				1D78F3791A186C2F0026AFF1 /* Info.plist */,
				1D78F37A1A186C2F0026AFF1 /* main.m */,
			);
			name = "Supporting Files";
			sourceTree = "<group>";
		};
		1D78F3941A186C2F0026AFF1 /* SleepTrackerTests */ = {
			isa = PBXGroup;
			children = (
				1D78F3971A186C2F0026AFF1 /* SleepTrackerTests.m */,
				1D78F3951A186C2F0026AFF1 /* Supporting Files */,
			);
			path = SleepTrackerTests;
			sourceTree = "<group>";
		};
		1D78F3951A186C2F0026AFF1 /* Supporting Files */ = {
			isa = PBXGroup;
			children = (
				1D78F3961A186C2F0026AFF1 /* Info.plist */,
			);
			name = "Supporting Files";
			sourceTree = "<group>";
		};
		1D78F3A11A186C4B0026AFF1 /* Images */ = {
			isa = PBXGroup;
			children = (
				1D78F3881A186C2F0026AFF1 /* Images.xcassets */,
				1D78F38A1A186C2F0026AFF1 /* LaunchScreen.xib */,
			);
			name = Images;
			sourceTree = "<group>";
		};
/* End PBXGroup section */

/* Begin PBXNativeTarget section */
		1D78F3741A186C2F0026AFF1 /* SleepTracker */ = {
			isa = PBXNativeTarget;
			buildConfigurationList = 1D78F39B1A186C2F0026AFF1 /* Build configuration list for PBXNativeTarget "SleepTracker" */;
			buildPhases = (
				1D78F3711A186C2F0026AFF1 /* Sources */,
				1D78F3721A186C2F0026AFF1 /* Frameworks */,
				1D78F3731A186C2F0026AFF1 /* Resources */,
			);
			buildRules = (
			);
			dependencies = (
			);
			name = SleepTracker;
			productName = SleepTracker;
			productReference = 1D78F3751A186C2F0026AFF1 /* SleepTracker.app */;
			productType = "com.apple.product-type.application";
		};
		1D78F3901A186C2F0026AFF1 /* SleepTrackerTests */ = {
			isa = PBXNativeTarget;
			buildConfigurationList = 1D78F39E1A186C2F0026AFF1 /* Build configuration list for PBXNativeTarget "SleepTrackerTests" */;
			buildPhases = (
				1D78F38D1A186C2F0026AFF1 /* Sources */,
				1D78F38E1A186C2F0026AFF1 /* Frameworks */,
				1D78F38F1A186C2F0026AFF1 /* Resources */,
			);
			buildRules = (
			);
			dependencies = (
				1D78F3931A186C2F0026AFF1 /* PBXTargetDependency */,
			);
			name = SleepTrackerTests;
			productName = SleepTrackerTests;
			productReference = 1D78F3911A186C2F0026AFF1 /* SleepTrackerTests.xctest */;
			productType = "com.apple.product-type.bundle.unit-test";
		};
/* End PBXNativeTarget section */

/* Begin PBXProject section */
		1D78F36D1A186C2E0026AFF1 /* Project object */ = {
			isa = PBXProject;
			attributes = {
				LastUpgradeCheck = 0610;
				ORGANIZATIONNAME = "蘇健豪";
				TargetAttributes = {
					1D78F3741A186C2F0026AFF1 = {
						CreatedOnToolsVersion = 6.1;
					};
					1D78F3901A186C2F0026AFF1 = {
						CreatedOnToolsVersion = 6.1;
						TestTargetID = 1D78F3741A186C2F0026AFF1;
					};
				};
			};
			buildConfigurationList = 1D78F3701A186C2E0026AFF1 /* Build configuration list for PBXProject "SleepTracker" */;
			compatibilityVersion = "Xcode 3.2";
			developmentRegion = English;
			hasScannedForEncodings = 0;
			knownRegions = (
				en,
				Base,
			);
			mainGroup = 1D78F36C1A186C2E0026AFF1;
			productRefGroup = 1D78F3761A186C2F0026AFF1 /* Products */;
			projectDirPath = "";
			projectRoot = "";
			targets = (
				1D78F3741A186C2F0026AFF1 /* SleepTracker */,
				1D78F3901A186C2F0026AFF1 /* SleepTrackerTests */,
			);
		};
/* End PBXProject section */

/* Begin PBXResourcesBuildPhase section */
		1D78F3731A186C2F0026AFF1 /* Resources */ = {
			isa = PBXResourcesBuildPhase;
			buildActionMask = 2147483647;
			files = (
				1D78F3871A186C2F0026AFF1 /* Main.storyboard in Resources */,
				1D78F38C1A186C2F0026AFF1 /* LaunchScreen.xib in Resources */,
				1D78F3891A186C2F0026AFF1 /* Images.xcassets in Resources */,
			);
			runOnlyForDeploymentPostprocessing = 0;
		};
		1D78F38F1A186C2F0026AFF1 /* Resources */ = {
			isa = PBXResourcesBuildPhase;
			buildActionMask = 2147483647;
			files = (
			);
			runOnlyForDeploymentPostprocessing = 0;
		};
/* End PBXResourcesBuildPhase section */

/* Begin PBXSourcesBuildPhase section */
		1D78F3711A186C2F0026AFF1 /* Sources */ = {
			isa = PBXSourcesBuildPhase;
			buildActionMask = 2147483647;
			files = (
				1D78F37E1A186C2F0026AFF1 /* AppDelegate.m in Sources */,
				1D78F37B1A186C2F0026AFF1 /* main.m in Sources */,
				1D78F3A41A186CF50026AFF1 /* HistoryViewController.m in Sources */,
			);
			runOnlyForDeploymentPostprocessing = 0;
		};
		1D78F38D1A186C2F0026AFF1 /* Sources */ = {
			isa = PBXSourcesBuildPhase;
			buildActionMask = 2147483647;
			files = (
				1D78F3981A186C2F0026AFF1 /* SleepTrackerTests.m in Sources */,
			);
			runOnlyForDeploymentPostprocessing = 0;
		};
/* End PBXSourcesBuildPhase section */

/* Begin PBXTargetDependency section */
		1D78F3931A186C2F0026AFF1 /* PBXTargetDependency */ = {
			isa = PBXTargetDependency;
			target = 1D78F3741A186C2F0026AFF1 /* SleepTracker */;
			targetProxy = 1D78F3921A186C2F0026AFF1 /* PBXContainerItemProxy */;
		};
/* End PBXTargetDependency section */

/* Begin PBXVariantGroup section */
		1D78F3851A186C2F0026AFF1 /* Main.storyboard */ = {
			isa = PBXVariantGroup;
			children = (
				1D78F3861A186C2F0026AFF1 /* Base */,
			);
			name = Main.storyboard;
			sourceTree = "<group>";
		};
		1D78F38A1A186C2F0026AFF1 /* LaunchScreen.xib */ = {
			isa = PBXVariantGroup;
			children = (
				1D78F38B1A186C2F0026AFF1 /* Base */,
			);
			name = LaunchScreen.xib;
			sourceTree = "<group>";
		};
/* End PBXVariantGroup section */

/* Begin XCBuildConfiguration section */
		1D78F3991A186C2F0026AFF1 /* Debug */ = {
			isa = XCBuildConfiguration;
			buildSettings = {
				ALWAYS_SEARCH_USER_PATHS = NO;
				CLANG_CXX_LANGUAGE_STANDARD = "gnu++0x";
				CLANG_CXX_LIBRARY = "libc++";
				CLANG_ENABLE_MODULES = YES;
				CLANG_ENABLE_OBJC_ARC = YES;
				CLANG_WARN_BOOL_CONVERSION = YES;
				CLANG_WARN_CONSTANT_CONVERSION = YES;
				CLANG_WARN_DIRECT_OBJC_ISA_USAGE = YES_ERROR;
				CLANG_WARN_EMPTY_BODY = YES;
				CLANG_WARN_ENUM_CONVERSION = YES;
				CLANG_WARN_INT_CONVERSION = YES;
				CLANG_WARN_OBJC_ROOT_CLASS = YES_ERROR;
				CLANG_WARN_UNREACHABLE_CODE = YES;
				CLANG_WARN__DUPLICATE_METHOD_MATCH = YES;
				"CODE_SIGN_IDENTITY[sdk=iphoneos*]" = "iPhone Developer";
				COPY_PHASE_STRIP = NO;
				ENABLE_STRICT_OBJC_MSGSEND = YES;
				GCC_C_LANGUAGE_STANDARD = gnu99;
				GCC_DYNAMIC_NO_PIC = NO;
				GCC_OPTIMIZATION_LEVEL = 0;
				GCC_PREPROCESSOR_DEFINITIONS = (
					"DEBUG=1",
					"$(inherited)",
				);
				GCC_SYMBOLS_PRIVATE_EXTERN = NO;
				GCC_WARN_64_TO_32_BIT_CONVERSION = YES;
				GCC_WARN_ABOUT_RETURN_TYPE = YES_ERROR;
				GCC_WARN_UNDECLARED_SELECTOR = YES;
				GCC_WARN_UNINITIALIZED_AUTOS = YES_AGGRESSIVE;
				GCC_WARN_UNUSED_FUNCTION = YES;
				GCC_WARN_UNUSED_VARIABLE = YES;
				IPHONEOS_DEPLOYMENT_TARGET = 8.1;
				MTL_ENABLE_DEBUG_INFO = YES;
				ONLY_ACTIVE_ARCH = YES;
				SDKROOT = iphoneos;
			};
			name = Debug;
		};
		1D78F39A1A186C2F0026AFF1 /* Release */ = {
			isa = XCBuildConfiguration;
			buildSettings = {
				ALWAYS_SEARCH_USER_PATHS = NO;
				CLANG_CXX_LANGUAGE_STANDARD = "gnu++0x";
				CLANG_CXX_LIBRARY = "libc++";
				CLANG_ENABLE_MODULES = YES;
				CLANG_ENABLE_OBJC_ARC = YES;
				CLANG_WARN_BOOL_CONVERSION = YES;
				CLANG_WARN_CONSTANT_CONVERSION = YES;
				CLANG_WARN_DIRECT_OBJC_ISA_USAGE = YES_ERROR;
				CLANG_WARN_EMPTY_BODY = YES;
				CLANG_WARN_ENUM_CONVERSION = YES;
				CLANG_WARN_INT_CONVERSION = YES;
				CLANG_WARN_OBJC_ROOT_CLASS = YES_ERROR;
				CLANG_WARN_UNREACHABLE_CODE = YES;
				CLANG_WARN__DUPLICATE_METHOD_MATCH = YES;
				"CODE_SIGN_IDENTITY[sdk=iphoneos*]" = "iPhone Developer";
				COPY_PHASE_STRIP = YES;
				ENABLE_NS_ASSERTIONS = NO;
				ENABLE_STRICT_OBJC_MSGSEND = YES;
				GCC_C_LANGUAGE_STANDARD = gnu99;
				GCC_WARN_64_TO_32_BIT_CONVERSION = YES;
				GCC_WARN_ABOUT_RETURN_TYPE = YES_ERROR;
				GCC_WARN_UNDECLARED_SELECTOR = YES;
				GCC_WARN_UNINITIALIZED_AUTOS = YES_AGGRESSIVE;
				GCC_WARN_UNUSED_FUNCTION = YES;
				GCC_WARN_UNUSED_VARIABLE = YES;
				IPHONEOS_DEPLOYMENT_TARGET = 8.1;
				MTL_ENABLE_DEBUG_INFO = NO;
				SDKROOT = iphoneos;
				VALIDATE_PRODUCT = YES;
			};
			name = Release;
		};
		1D78F39C1A186C2F0026AFF1 /* Debug */ = {
			isa = XCBuildConfiguration;
			buildSettings = {
				ASSETCATALOG_COMPILER_APPICON_NAME = AppIcon;
				INFOPLIST_FILE = SleepTracker/Info.plist;
				LD_RUNPATH_SEARCH_PATHS = "$(inherited) @executable_path/Frameworks";
				PRODUCT_NAME = "$(TARGET_NAME)";
			};
			name = Debug;
		};
		1D78F39D1A186C2F0026AFF1 /* Release */ = {
			isa = XCBuildConfiguration;
			buildSettings = {
				ASSETCATALOG_COMPILER_APPICON_NAME = AppIcon;
				INFOPLIST_FILE = SleepTracker/Info.plist;
				LD_RUNPATH_SEARCH_PATHS = "$(inherited) @executable_path/Frameworks";
				PRODUCT_NAME = "$(TARGET_NAME)";
			};
			name = Release;
		};
		1D78F39F1A186C2F0026AFF1 /* Debug */ = {
			isa = XCBuildConfiguration;
			buildSettings = {
				BUNDLE_LOADER = "$(TEST_HOST)";
				FRAMEWORK_SEARCH_PATHS = (
					"$(SDKROOT)/Developer/Library/Frameworks",
					"$(inherited)",
				);
				GCC_PREPROCESSOR_DEFINITIONS = (
					"DEBUG=1",
					"$(inherited)",
				);
				INFOPLIST_FILE = SleepTrackerTests/Info.plist;
				LD_RUNPATH_SEARCH_PATHS = "$(inherited) @executable_path/Frameworks @loader_path/Frameworks";
				PRODUCT_NAME = "$(TARGET_NAME)";
				TEST_HOST = "$(BUILT_PRODUCTS_DIR)/SleepTracker.app/SleepTracker";
			};
			name = Debug;
		};
		1D78F3A01A186C2F0026AFF1 /* Release */ = {
			isa = XCBuildConfiguration;
			buildSettings = {
				BUNDLE_LOADER = "$(TEST_HOST)";
				FRAMEWORK_SEARCH_PATHS = (
					"$(SDKROOT)/Developer/Library/Frameworks",
					"$(inherited)",
				);
				INFOPLIST_FILE = SleepTrackerTests/Info.plist;
				LD_RUNPATH_SEARCH_PATHS = "$(inherited) @executable_path/Frameworks @loader_path/Frameworks";
				PRODUCT_NAME = "$(TARGET_NAME)";
				TEST_HOST = "$(BUILT_PRODUCTS_DIR)/SleepTracker.app/SleepTracker";
			};
			name = Release;
		};
/* End XCBuildConfiguration section */

/* Begin XCConfigurationList section */
		1D78F3701A186C2E0026AFF1 /* Build configuration list for PBXProject "SleepTracker" */ = {
			isa = XCConfigurationList;
			buildConfigurations = (
				1D78F3991A186C2F0026AFF1 /* Debug */,
				1D78F39A1A186C2F0026AFF1 /* Release */,
			);
			defaultConfigurationIsVisible = 0;
			defaultConfigurationName = Release;
		};
		1D78F39B1A186C2F0026AFF1 /* Build configuration list for PBXNativeTarget "SleepTracker" */ = {
			isa = XCConfigurationList;
			buildConfigurations = (
				1D78F39C1A186C2F0026AFF1 /* Debug */,
				1D78F39D1A186C2F0026AFF1 /* Release */,
			);
			defaultConfigurationIsVisible = 0;
		};
		1D78F39E1A186C2F0026AFF1 /* Build configuration list for PBXNativeTarget "SleepTrackerTests" */ = {
			isa = XCConfigurationList;
			buildConfigurations = (
				1D78F39F1A186C2F0026AFF1 /* Debug */,
				1D78F3A01A186C2F0026AFF1 /* Release */,
			);
			defaultConfigurationIsVisible = 0;
		};
/* End XCConfigurationList section */
	};
	rootObject = 1D78F36D1A186C2E0026AFF1 /* Project object */;
}
